
Microsoft Visual Studio Solution File, Format Version 12.00
# Visual Studio Version 17
VisualStudioVersion = 17.2.32602.215
MinimumVisualStudioVersion = 10.0.40219.1
Project("{FAE04EC0-301F-11D3-BF4B-00C04F79EFBC}") = "NetworkSocket", "NetworkSocket\NetworkSocket.csproj", "{5528985E-F733-47E0-A1D0-BE4099C044E1}"
EndProject
Project("{FAE04EC0-301F-11D3-BF4B-00C04F79EFBC}") = "NetworkSocketServer", "NetworkSocketServer\NetworkSocketServer.csproj", "{AE07A933-9C8E-4413-A032-D07391CD70B5}"
EndProject
Global
	GlobalSection(SolutionConfigurationPlatforms) = preSolution
		Debug|Any CPU = Debug|Any CPU
		Release|Any CPU = Release|Any CPU
	EndGlobalSection
	GlobalSection(ProjectConfigurationPlatforms) = postSolution
		{5528985E-F733-47E0-A1D0-BE4099C044E1}.Debug|Any CPU.ActiveCfg = Debug|Any CPU
		{5528985E-F733-47E0-A1D0-BE4099C044E1}.Debug|Any CPU.Build.0 = Debug|Any CPU
		{5528985E-F733-47E0-A1D0-BE4099C044E1}.Release|Any CPU.ActiveCfg = Release|Any CPU
		{5528985E-F733-47E0-A1D0-BE4099C044E1}.Release|Any CPU.Build.0 = Release|Any CPU
		{AE07A933-9C8E-4413-A032-D07391CD70B5}.Debug|Any CPU.ActiveCfg = Debug|Any CPU
		{AE07A933-9C8E-4413-A032-D07391CD70B5}.Debug|Any CPU.Build.0 = Debug|Any CPU
		{AE07A933-9C8E-4413-A032-D07391CD70B5}.Release|Any CPU.ActiveCfg = Release|Any CPU
		{AE07A933-9C8E-4413-A032-D07391CD70B5}.Release|Any CPU.Build.0 = Release|Any CPU
	EndGlobalSection
	GlobalSection(SolutionProperties) = preSolution
		HideSolutionNode = FALSE
	EndGlobalSection
	GlobalSection(ExtensibilityGlobals) = postSolution
		SolutionGuid = {BDA6DB8D-5E6A-47CB-863E-BDCD5C1F81E6}
	EndGlobalSection
EndGlobal
